// !$*UTF8*$!
{
	archiveVersion = 1;
	classes = {
	};
	objectVersion = 56;
	objects = {

/* Begin PBXBuildFile section */
		8E04C4FC29AA2A7D00B3BDE6 /* URLRequestExtension.swift in Sources */ = {isa = PBXBuildFile; fileRef = 8E04C4FB29AA2A7D00B3BDE6 /* URLRequestExtension.swift */; };
		8E04C4FE29AA2BFC00B3BDE6 /* URLSessionExtension.swift in Sources */ = {isa = PBXBuildFile; fileRef = 8E04C4FD29AA2BFC00B3BDE6 /* URLSessionExtension.swift */; };
		8E04C50129AB753800B3BDE6 /* SplashViewController.swift in Sources */ = {isa = PBXBuildFile; fileRef = 8E04C50029AB753800B3BDE6 /* SplashViewController.swift */; };
		8E5BC9A829818F96001E022C /* AppDelegate.swift in Sources */ = {isa = PBXBuildFile; fileRef = 8E5BC9A729818F96001E022C /* AppDelegate.swift */; };
		8E5BC9AA29818F96001E022C /* SceneDelegate.swift in Sources */ = {isa = PBXBuildFile; fileRef = 8E5BC9A929818F96001E022C /* SceneDelegate.swift */; };
		8E5BC9AC29818F96001E022C /* ImageListViewController.swift in Sources */ = {isa = PBXBuildFile; fileRef = 8E5BC9AB29818F96001E022C /* ImageListViewController.swift */; };
		8E5BC9AF29818F96001E022C /* Main.storyboard in Resources */ = {isa = PBXBuildFile; fileRef = 8E5BC9AD29818F96001E022C /* Main.storyboard */; };
		8E5BC9B129818F97001E022C /* Assets.xcassets in Resources */ = {isa = PBXBuildFile; fileRef = 8E5BC9B029818F97001E022C /* Assets.xcassets */; };
		8E5BC9B429818F97001E022C /* LaunchScreen.storyboard in Resources */ = {isa = PBXBuildFile; fileRef = 8E5BC9B229818F97001E022C /* LaunchScreen.storyboard */; };
		8E5BC9C32986A6A7001E022C /* ImageListCell.swift in Sources */ = {isa = PBXBuildFile; fileRef = 8E5BC9C22986A6A7001E022C /* ImageListCell.swift */; };
		8E811F0729B5FD18004306BE /* ProgressHUD in Frameworks */ = {isa = PBXBuildFile; productRef = 8E811F0629B5FD18004306BE /* ProgressHUD */; };
		8E870E44298FE9850097782C /* SingleImageViewController.swift in Sources */ = {isa = PBXBuildFile; fileRef = 8E870E43298FE9850097782C /* SingleImageViewController.swift */; };
		8E87418C29A2824800FD9F0D /* Constants.swift in Sources */ = {isa = PBXBuildFile; fileRef = 8E87418B29A2824800FD9F0D /* Constants.swift */; };
		8E98996B29AA1F1800478FEB /* OAuth2Service.swift in Sources */ = {isa = PBXBuildFile; fileRef = 8E98996A29AA1F1800478FEB /* OAuth2Service.swift */; };
		8E98996D29AA206D00478FEB /* OAuth2TokenStorage.swift in Sources */ = {isa = PBXBuildFile; fileRef = 8E98996C29AA206D00478FEB /* OAuth2TokenStorage.swift */; };
		8ED54F97298D47B600B68937 /* ProfileViewController.swift in Sources */ = {isa = PBXBuildFile; fileRef = 8ED54F96298D47B600B68937 /* ProfileViewController.swift */; };
		8EF3E2B9299904D20041F1BE /* UIColorExtension.swift in Sources */ = {isa = PBXBuildFile; fileRef = 8EF3E2B8299904D20041F1BE /* UIColorExtension.swift */; };
		8EF6E22B29A64DF200B70828 /* AuthViewController.swift in Sources */ = {isa = PBXBuildFile; fileRef = 8EF6E22A29A64DF200B70828 /* AuthViewController.swift */; };
		8EF6E22D29A65BF600B70828 /* WebViewViewController.swift in Sources */ = {isa = PBXBuildFile; fileRef = 8EF6E22C29A65BF600B70828 /* WebViewViewController.swift */; };
/* End PBXBuildFile section */

/* Begin PBXFileReference section */
		8E04C4FB29AA2A7D00B3BDE6 /* URLRequestExtension.swift */ = {isa = PBXFileReference; lastKnownFileType = sourcecode.swift; path = URLRequestExtension.swift; sourceTree = "<group>"; };
		8E04C4FD29AA2BFC00B3BDE6 /* URLSessionExtension.swift */ = {isa = PBXFileReference; lastKnownFileType = sourcecode.swift; path = URLSessionExtension.swift; sourceTree = "<group>"; };
		8E04C50029AB753800B3BDE6 /* SplashViewController.swift */ = {isa = PBXFileReference; lastKnownFileType = sourcecode.swift; path = SplashViewController.swift; sourceTree = "<group>"; };
		8E5BC9A429818F96001E022C /* ImageFeed.app */ = {isa = PBXFileReference; explicitFileType = wrapper.application; includeInIndex = 0; path = ImageFeed.app; sourceTree = BUILT_PRODUCTS_DIR; };
		8E5BC9A729818F96001E022C /* AppDelegate.swift */ = {isa = PBXFileReference; lastKnownFileType = sourcecode.swift; path = AppDelegate.swift; sourceTree = "<group>"; };
		8E5BC9A929818F96001E022C /* SceneDelegate.swift */ = {isa = PBXFileReference; lastKnownFileType = sourcecode.swift; path = SceneDelegate.swift; sourceTree = "<group>"; };
		8E5BC9AB29818F96001E022C /* ImageListViewController.swift */ = {isa = PBXFileReference; lastKnownFileType = sourcecode.swift; path = ImageListViewController.swift; sourceTree = "<group>"; };
		8E5BC9AE29818F96001E022C /* Base */ = {isa = PBXFileReference; lastKnownFileType = file.storyboard; name = Base; path = Base.lproj/Main.storyboard; sourceTree = "<group>"; };
		8E5BC9B029818F97001E022C /* Assets.xcassets */ = {isa = PBXFileReference; lastKnownFileType = folder.assetcatalog; path = Assets.xcassets; sourceTree = "<group>"; };
		8E5BC9B329818F97001E022C /* Base */ = {isa = PBXFileReference; lastKnownFileType = file.storyboard; name = Base; path = Base.lproj/LaunchScreen.storyboard; sourceTree = "<group>"; };
		8E5BC9B529818F97001E022C /* Info.plist */ = {isa = PBXFileReference; lastKnownFileType = text.plist.xml; path = Info.plist; sourceTree = "<group>"; };
		8E5BC9C22986A6A7001E022C /* ImageListCell.swift */ = {isa = PBXFileReference; lastKnownFileType = sourcecode.swift; path = ImageListCell.swift; sourceTree = "<group>"; };
		8E870E43298FE9850097782C /* SingleImageViewController.swift */ = {isa = PBXFileReference; lastKnownFileType = sourcecode.swift; path = SingleImageViewController.swift; sourceTree = "<group>"; };
		8E87418B29A2824800FD9F0D /* Constants.swift */ = {isa = PBXFileReference; lastKnownFileType = sourcecode.swift; path = Constants.swift; sourceTree = "<group>"; };
		8E98996A29AA1F1800478FEB /* OAuth2Service.swift */ = {isa = PBXFileReference; lastKnownFileType = sourcecode.swift; path = OAuth2Service.swift; sourceTree = "<group>"; };
		8E98996C29AA206D00478FEB /* OAuth2TokenStorage.swift */ = {isa = PBXFileReference; lastKnownFileType = sourcecode.swift; path = OAuth2TokenStorage.swift; sourceTree = "<group>"; };
		8ED54F96298D47B600B68937 /* ProfileViewController.swift */ = {isa = PBXFileReference; lastKnownFileType = sourcecode.swift; path = ProfileViewController.swift; sourceTree = "<group>"; };
		8EF3E2B8299904D20041F1BE /* UIColorExtension.swift */ = {isa = PBXFileReference; lastKnownFileType = sourcecode.swift; path = UIColorExtension.swift; sourceTree = "<group>"; };
		8EF6E22A29A64DF200B70828 /* AuthViewController.swift */ = {isa = PBXFileReference; lastKnownFileType = sourcecode.swift; path = AuthViewController.swift; sourceTree = "<group>"; };
		8EF6E22C29A65BF600B70828 /* WebViewViewController.swift */ = {isa = PBXFileReference; lastKnownFileType = sourcecode.swift; path = WebViewViewController.swift; sourceTree = "<group>"; };
/* End PBXFileReference section */

/* Begin PBXFrameworksBuildPhase section */
		8E5BC9A129818F96001E022C /* Frameworks */ = {
			isa = PBXFrameworksBuildPhase;
			buildActionMask = 2147483647;
			files = (
				8E811F0729B5FD18004306BE /* ProgressHUD in Frameworks */,
			);
			runOnlyForDeploymentPostprocessing = 0;
		};
/* End PBXFrameworksBuildPhase section */

/* Begin PBXGroup section */
		8E04C4FF29AB74D400B3BDE6 /* Splash */ = {
			isa = PBXGroup;
			children = (
				8E04C50029AB753800B3BDE6 /* SplashViewController.swift */,
			);
			path = Splash;
			sourceTree = "<group>";
		};
		8E5BC99B29818F96001E022C = {
			isa = PBXGroup;
			children = (
				8E5BC9A629818F96001E022C /* ImageFeed */,
				8E5BC9A529818F96001E022C /* Products */,
			);
			sourceTree = "<group>";
		};
		8E5BC9A529818F96001E022C /* Products */ = {
			isa = PBXGroup;
			children = (
				8E5BC9A429818F96001E022C /* ImageFeed.app */,
			);
			name = Products;
			sourceTree = "<group>";
		};
		8E5BC9A629818F96001E022C /* ImageFeed */ = {
			isa = PBXGroup;
			children = (
				8EF6E22929A64DA800B70828 /* Authorization */,
				8E5BC9C42986A721001E022C /* ImageList */,
				8ED54F95298D472200B68937 /* Profile */,
				8E98996929AA1ECD00478FEB /* Services */,
				8E870E42298FE9220097782C /* SingleImage */,
				8E04C4FF29AB74D400B3BDE6 /* Splash */,
				8EF3E2B7299904390041F1BE /* Helpers */,
				8E5BC9A729818F96001E022C /* AppDelegate.swift */,
				8E5BC9A929818F96001E022C /* SceneDelegate.swift */,
				8E5BC9B229818F97001E022C /* LaunchScreen.storyboard */,
				8E5BC9AD29818F96001E022C /* Main.storyboard */,
				8E5BC9B029818F97001E022C /* Assets.xcassets */,
				8E5BC9B529818F97001E022C /* Info.plist */,
			);
			path = ImageFeed;
			sourceTree = "<group>";
		};
		8E5BC9C42986A721001E022C /* ImageList */ = {
			isa = PBXGroup;
			children = (
				8E5BC9C22986A6A7001E022C /* ImageListCell.swift */,
				8E5BC9AB29818F96001E022C /* ImageListViewController.swift */,
			);
			path = ImageList;
			sourceTree = "<group>";
		};
		8E870E42298FE9220097782C /* SingleImage */ = {
			isa = PBXGroup;
			children = (
				8E870E43298FE9850097782C /* SingleImageViewController.swift */,
			);
			path = SingleImage;
			sourceTree = "<group>";
		};
		8E98996929AA1ECD00478FEB /* Services */ = {
			isa = PBXGroup;
			children = (
				8E98996A29AA1F1800478FEB /* OAuth2Service.swift */,
				8E98996C29AA206D00478FEB /* OAuth2TokenStorage.swift */,
			);
			path = Services;
			sourceTree = "<group>";
		};
		8ED54F95298D472200B68937 /* Profile */ = {
			isa = PBXGroup;
			children = (
				8ED54F96298D47B600B68937 /* ProfileViewController.swift */,
			);
			path = Profile;
			sourceTree = "<group>";
		};
		8EF3E2B7299904390041F1BE /* Helpers */ = {
			isa = PBXGroup;
			children = (
				8E87418B29A2824800FD9F0D /* Constants.swift */,
				8EF3E2B8299904D20041F1BE /* UIColorExtension.swift */,
				8E04C4FB29AA2A7D00B3BDE6 /* URLRequestExtension.swift */,
				8E04C4FD29AA2BFC00B3BDE6 /* URLSessionExtension.swift */,
			);
			path = Helpers;
			sourceTree = "<group>";
		};
		8EF6E22929A64DA800B70828 /* Authorization */ = {
			isa = PBXGroup;
			children = (
				8EF6E22A29A64DF200B70828 /* AuthViewController.swift */,
				8EF6E22C29A65BF600B70828 /* WebViewViewController.swift */,
			);
			path = Authorization;
			sourceTree = "<group>";
		};
/* End PBXGroup section */

/* Begin PBXNativeTarget section */
		8E5BC9A329818F96001E022C /* ImageFeed */ = {
			isa = PBXNativeTarget;
			buildConfigurationList = 8E5BC9B829818F97001E022C /* Build configuration list for PBXNativeTarget "ImageFeed" */;
			buildPhases = (
				8E5BC9A029818F96001E022C /* Sources */,
				8E5BC9A129818F96001E022C /* Frameworks */,
				8E5BC9A229818F96001E022C /* Resources */,
			);
			buildRules = (
			);
			dependencies = (
			);
			name = ImageFeed;
			packageProductDependencies = (
				8E811F0629B5FD18004306BE /* ProgressHUD */,
			);
			productName = ImageFeed;
			productReference = 8E5BC9A429818F96001E022C /* ImageFeed.app */;
			productType = "com.apple.product-type.application";
		};
/* End PBXNativeTarget section */

/* Begin PBXProject section */
		8E5BC99C29818F96001E022C /* Project object */ = {
			isa = PBXProject;
			attributes = {
				BuildIndependentTargetsInParallel = 1;
				LastSwiftUpdateCheck = 1420;
				LastUpgradeCheck = 1420;
				TargetAttributes = {
					8E5BC9A329818F96001E022C = {
						CreatedOnToolsVersion = 14.2;
					};
				};
			};
			buildConfigurationList = 8E5BC99F29818F96001E022C /* Build configuration list for PBXProject "ImageFeed" */;
			compatibilityVersion = "Xcode 14.0";
			developmentRegion = en;
			hasScannedForEncodings = 0;
			knownRegions = (
				en,
				Base,
			);
			mainGroup = 8E5BC99B29818F96001E022C;
			packageReferences = (
				8E811F0529B5FD18004306BE /* XCRemoteSwiftPackageReference "ProgressHUD" */,
			);
			productRefGroup = 8E5BC9A529818F96001E022C /* Products */;
			projectDirPath = "";
			projectRoot = "";
			targets = (
				8E5BC9A329818F96001E022C /* ImageFeed */,
			);
		};
/* End PBXProject section */

/* Begin PBXResourcesBuildPhase section */
		8E5BC9A229818F96001E022C /* Resources */ = {
			isa = PBXResourcesBuildPhase;
			buildActionMask = 2147483647;
			files = (
				8E5BC9B429818F97001E022C /* LaunchScreen.storyboard in Resources */,
				8E5BC9B129818F97001E022C /* Assets.xcassets in Resources */,
				8E5BC9AF29818F96001E022C /* Main.storyboard in Resources */,
			);
			runOnlyForDeploymentPostprocessing = 0;
		};
/* End PBXResourcesBuildPhase section */

/* Begin PBXSourcesBuildPhase section */
		8E5BC9A029818F96001E022C /* Sources */ = {
			isa = PBXSourcesBuildPhase;
			buildActionMask = 2147483647;
			files = (
				8E98996D29AA206D00478FEB /* OAuth2TokenStorage.swift in Sources */,
				8EF6E22D29A65BF600B70828 /* WebViewViewController.swift in Sources */,
				8E5BC9AC29818F96001E022C /* ImageListViewController.swift in Sources */,
				8EF3E2B9299904D20041F1BE /* UIColorExtension.swift in Sources */,
				8E5BC9C32986A6A7001E022C /* ImageListCell.swift in Sources */,
				8E98996B29AA1F1800478FEB /* OAuth2Service.swift in Sources */,
				8ED54F97298D47B600B68937 /* ProfileViewController.swift in Sources */,
				8E04C4FC29AA2A7D00B3BDE6 /* URLRequestExtension.swift in Sources */,
				8E04C4FE29AA2BFC00B3BDE6 /* URLSessionExtension.swift in Sources */,
				8E04C50129AB753800B3BDE6 /* SplashViewController.swift in Sources */,
				8E5BC9A829818F96001E022C /* AppDelegate.swift in Sources */,
				8E870E44298FE9850097782C /* SingleImageViewController.swift in Sources */,
				8E5BC9AA29818F96001E022C /* SceneDelegate.swift in Sources */,
				8EF6E22B29A64DF200B70828 /* AuthViewController.swift in Sources */,
				8E87418C29A2824800FD9F0D /* Constants.swift in Sources */,
			);
			runOnlyForDeploymentPostprocessing = 0;
		};
/* End PBXSourcesBuildPhase section */

/* Begin PBXVariantGroup section */
		8E5BC9AD29818F96001E022C /* Main.storyboard */ = {
			isa = PBXVariantGroup;
			children = (
				8E5BC9AE29818F96001E022C /* Base */,
			);
			name = Main.storyboard;
			sourceTree = "<group>";
		};
		8E5BC9B229818F97001E022C /* LaunchScreen.storyboard */ = {
			isa = PBXVariantGroup;
			children = (
				8E5BC9B329818F97001E022C /* Base */,
			);
			name = LaunchScreen.storyboard;
			sourceTree = "<group>";
		};
/* End PBXVariantGroup section */

/* Begin XCBuildConfiguration section */
		8E5BC9B629818F97001E022C /* Debug */ = {
			isa = XCBuildConfiguration;
			buildSettings = {
				ALWAYS_SEARCH_USER_PATHS = NO;
				CLANG_ANALYZER_NONNULL = YES;
				CLANG_ANALYZER_NUMBER_OBJECT_CONVERSION = YES_AGGRESSIVE;
				CLANG_CXX_LANGUAGE_STANDARD = "gnu++20";
				CLANG_ENABLE_MODULES = YES;
				CLANG_ENABLE_OBJC_ARC = YES;
				CLANG_ENABLE_OBJC_WEAK = YES;
				CLANG_WARN_BLOCK_CAPTURE_AUTORELEASING = YES;
				CLANG_WARN_BOOL_CONVERSION = YES;
				CLANG_WARN_COMMA = YES;
				CLANG_WARN_CONSTANT_CONVERSION = YES;
				CLANG_WARN_DEPRECATED_OBJC_IMPLEMENTATIONS = YES;
				CLANG_WARN_DIRECT_OBJC_ISA_USAGE = YES_ERROR;
				CLANG_WARN_DOCUMENTATION_COMMENTS = YES;
				CLANG_WARN_EMPTY_BODY = YES;
				CLANG_WARN_ENUM_CONVERSION = YES;
				CLANG_WARN_INFINITE_RECURSION = YES;
				CLANG_WARN_INT_CONVERSION = YES;
				CLANG_WARN_NON_LITERAL_NULL_CONVERSION = YES;
				CLANG_WARN_OBJC_IMPLICIT_RETAIN_SELF = YES;
				CLANG_WARN_OBJC_LITERAL_CONVERSION = YES;
				CLANG_WARN_OBJC_ROOT_CLASS = YES_ERROR;
				CLANG_WARN_QUOTED_INCLUDE_IN_FRAMEWORK_HEADER = YES;
				CLANG_WARN_RANGE_LOOP_ANALYSIS = YES;
				CLANG_WARN_STRICT_PROTOTYPES = YES;
				CLANG_WARN_SUSPICIOUS_MOVE = YES;
				CLANG_WARN_UNGUARDED_AVAILABILITY = YES_AGGRESSIVE;
				CLANG_WARN_UNREACHABLE_CODE = YES;
				CLANG_WARN__DUPLICATE_METHOD_MATCH = YES;
				COPY_PHASE_STRIP = NO;
				DEBUG_INFORMATION_FORMAT = dwarf;
				ENABLE_STRICT_OBJC_MSGSEND = YES;
				ENABLE_TESTABILITY = YES;
				GCC_C_LANGUAGE_STANDARD = gnu11;
				GCC_DYNAMIC_NO_PIC = NO;
				GCC_NO_COMMON_BLOCKS = YES;
				GCC_OPTIMIZATION_LEVEL = 0;
				GCC_PREPROCESSOR_DEFINITIONS = (
					"DEBUG=1",
					"$(inherited)",
				);
				GCC_WARN_64_TO_32_BIT_CONVERSION = YES;
				GCC_WARN_ABOUT_RETURN_TYPE = YES_ERROR;
				GCC_WARN_UNDECLARED_SELECTOR = YES;
				GCC_WARN_UNINITIALIZED_AUTOS = YES_AGGRESSIVE;
				GCC_WARN_UNUSED_FUNCTION = YES;
				GCC_WARN_UNUSED_VARIABLE = YES;
				IPHONEOS_DEPLOYMENT_TARGET = 16.2;
				MTL_ENABLE_DEBUG_INFO = INCLUDE_SOURCE;
				MTL_FAST_MATH = YES;
				ONLY_ACTIVE_ARCH = YES;
				SDKROOT = iphoneos;
				SWIFT_ACTIVE_COMPILATION_CONDITIONS = DEBUG;
				SWIFT_OPTIMIZATION_LEVEL = "-Onone";
			};
			name = Debug;
		};
		8E5BC9B729818F97001E022C /* Release */ = {
			isa = XCBuildConfiguration;
			buildSettings = {
				ALWAYS_SEARCH_USER_PATHS = NO;
				CLANG_ANALYZER_NONNULL = YES;
				CLANG_ANALYZER_NUMBER_OBJECT_CONVERSION = YES_AGGRESSIVE;
				CLANG_CXX_LANGUAGE_STANDARD = "gnu++20";
				CLANG_ENABLE_MODULES = YES;
				CLANG_ENABLE_OBJC_ARC = YES;
				CLANG_ENABLE_OBJC_WEAK = YES;
				CLANG_WARN_BLOCK_CAPTURE_AUTORELEASING = YES;
				CLANG_WARN_BOOL_CONVERSION = YES;
				CLANG_WARN_COMMA = YES;
				CLANG_WARN_CONSTANT_CONVERSION = YES;
				CLANG_WARN_DEPRECATED_OBJC_IMPLEMENTATIONS = YES;
				CLANG_WARN_DIRECT_OBJC_ISA_USAGE = YES_ERROR;
				CLANG_WARN_DOCUMENTATION_COMMENTS = YES;
				CLANG_WARN_EMPTY_BODY = YES;
				CLANG_WARN_ENUM_CONVERSION = YES;
				CLANG_WARN_INFINITE_RECURSION = YES;
				CLANG_WARN_INT_CONVERSION = YES;
				CLANG_WARN_NON_LITERAL_NULL_CONVERSION = YES;
				CLANG_WARN_OBJC_IMPLICIT_RETAIN_SELF = YES;
				CLANG_WARN_OBJC_LITERAL_CONVERSION = YES;
				CLANG_WARN_OBJC_ROOT_CLASS = YES_ERROR;
				CLANG_WARN_QUOTED_INCLUDE_IN_FRAMEWORK_HEADER = YES;
				CLANG_WARN_RANGE_LOOP_ANALYSIS = YES;
				CLANG_WARN_STRICT_PROTOTYPES = YES;
				CLANG_WARN_SUSPICIOUS_MOVE = YES;
				CLANG_WARN_UNGUARDED_AVAILABILITY = YES_AGGRESSIVE;
				CLANG_WARN_UNREACHABLE_CODE = YES;
				CLANG_WARN__DUPLICATE_METHOD_MATCH = YES;
				COPY_PHASE_STRIP = NO;
				DEBUG_INFORMATION_FORMAT = "dwarf-with-dsym";
				ENABLE_NS_ASSERTIONS = NO;
				ENABLE_STRICT_OBJC_MSGSEND = YES;
				GCC_C_LANGUAGE_STANDARD = gnu11;
				GCC_NO_COMMON_BLOCKS = YES;
				GCC_WARN_64_TO_32_BIT_CONVERSION = YES;
				GCC_WARN_ABOUT_RETURN_TYPE = YES_ERROR;
				GCC_WARN_UNDECLARED_SELECTOR = YES;
				GCC_WARN_UNINITIALIZED_AUTOS = YES_AGGRESSIVE;
				GCC_WARN_UNUSED_FUNCTION = YES;
				GCC_WARN_UNUSED_VARIABLE = YES;
				IPHONEOS_DEPLOYMENT_TARGET = 16.2;
				MTL_ENABLE_DEBUG_INFO = NO;
				MTL_FAST_MATH = YES;
				SDKROOT = iphoneos;
				SWIFT_COMPILATION_MODE = wholemodule;
				SWIFT_OPTIMIZATION_LEVEL = "-O";
				VALIDATE_PRODUCT = YES;
			};
			name = Release;
		};
		8E5BC9B929818F97001E022C /* Debug */ = {
			isa = XCBuildConfiguration;
			buildSettings = {
				ASSETCATALOG_COMPILER_APPICON_NAME = AppIcon;
				ASSETCATALOG_COMPILER_GLOBAL_ACCENT_COLOR_NAME = AccentColor;
				CODE_SIGN_STYLE = Automatic;
				CURRENT_PROJECT_VERSION = 1;
				DEVELOPMENT_TEAM = UJ4WP3UBQT;
				GENERATE_INFOPLIST_FILE = YES;
				INFOPLIST_FILE = ImageFeed/Info.plist;
				INFOPLIST_KEY_UIApplicationSupportsIndirectInputEvents = YES;
				INFOPLIST_KEY_UILaunchStoryboardName = LaunchScreen;
				INFOPLIST_KEY_UIMainStoryboardFile = Main;
				INFOPLIST_KEY_UISupportedInterfaceOrientations = UIInterfaceOrientationPortrait;
				INFOPLIST_KEY_UISupportedInterfaceOrientations_iPad = "UIInterfaceOrientationLandscapeLeft UIInterfaceOrientationLandscapeRight UIInterfaceOrientationPortrait UIInterfaceOrientationPortraitUpsideDown";
				IPHONEOS_DEPLOYMENT_TARGET = 13.0;
				LD_RUNPATH_SEARCH_PATHS = (
					"$(inherited)",
					"@executable_path/Frameworks",
				);
				MARKETING_VERSION = 1.0;
				PRODUCT_BUNDLE_IDENTIFIER = ru.aai95.ImageFeed;
				PRODUCT_NAME = "$(TARGET_NAME)";
				SUPPORTED_PLATFORMS = "iphoneos iphonesimulator";
				SUPPORTS_MACCATALYST = NO;
				SUPPORTS_MAC_DESIGNED_FOR_IPHONE_IPAD = NO;
				SWIFT_EMIT_LOC_STRINGS = YES;
				SWIFT_VERSION = 5.0;
				TARGETED_DEVICE_FAMILY = 1;
			};
			name = Debug;
		};
		8E5BC9BA29818F97001E022C /* Release */ = {
			isa = XCBuildConfiguration;
			buildSettings = {
				ASSETCATALOG_COMPILER_APPICON_NAME = AppIcon;
				ASSETCATALOG_COMPILER_GLOBAL_ACCENT_COLOR_NAME = AccentColor;
				CODE_SIGN_STYLE = Automatic;
				CURRENT_PROJECT_VERSION = 1;
				DEVELOPMENT_TEAM = UJ4WP3UBQT;
				GENERATE_INFOPLIST_FILE = YES;
				INFOPLIST_FILE = ImageFeed/Info.plist;
				INFOPLIST_KEY_UIApplicationSupportsIndirectInputEvents = YES;
				INFOPLIST_KEY_UILaunchStoryboardName = LaunchScreen;
				INFOPLIST_KEY_UIMainStoryboardFile = Main;
				INFOPLIST_KEY_UISupportedInterfaceOrientations = UIInterfaceOrientationPortrait;
				INFOPLIST_KEY_UISupportedInterfaceOrientations_iPad = "UIInterfaceOrientationLandscapeLeft UIInterfaceOrientationLandscapeRight UIInterfaceOrientationPortrait UIInterfaceOrientationPortraitUpsideDown";
				IPHONEOS_DEPLOYMENT_TARGET = 13.0;
				LD_RUNPATH_SEARCH_PATHS = (
					"$(inherited)",
					"@executable_path/Frameworks",
				);
				MARKETING_VERSION = 1.0;
				PRODUCT_BUNDLE_IDENTIFIER = ru.aai95.ImageFeed;
				PRODUCT_NAME = "$(TARGET_NAME)";
				SUPPORTED_PLATFORMS = "iphoneos iphonesimulator";
				SUPPORTS_MACCATALYST = NO;
				SUPPORTS_MAC_DESIGNED_FOR_IPHONE_IPAD = NO;
				SWIFT_EMIT_LOC_STRINGS = YES;
				SWIFT_VERSION = 5.0;
				TARGETED_DEVICE_FAMILY = 1;
			};
			name = Release;
		};
/* End XCBuildConfiguration section */

/* Begin XCConfigurationList section */
		8E5BC99F29818F96001E022C /* Build configuration list for PBXProject "ImageFeed" */ = {
			isa = XCConfigurationList;
			buildConfigurations = (
				8E5BC9B629818F97001E022C /* Debug */,
				8E5BC9B729818F97001E022C /* Release */,
			);
			defaultConfigurationIsVisible = 0;
			defaultConfigurationName = Release;
		};
		8E5BC9B829818F97001E022C /* Build configuration list for PBXNativeTarget "ImageFeed" */ = {
			isa = XCConfigurationList;
			buildConfigurations = (
				8E5BC9B929818F97001E022C /* Debug */,
				8E5BC9BA29818F97001E022C /* Release */,
			);
			defaultConfigurationIsVisible = 0;
			defaultConfigurationName = Release;
		};
/* End XCConfigurationList section */

/* Begin XCRemoteSwiftPackageReference section */
		8E811F0529B5FD18004306BE /* XCRemoteSwiftPackageReference "ProgressHUD" */ = {
			isa = XCRemoteSwiftPackageReference;
			repositoryURL = "https://github.com/relatedcode/ProgressHUD";
			requirement = {
				kind = exactVersion;
				version = 13.6.2;
			};
		};
/* End XCRemoteSwiftPackageReference section */

/* Begin XCSwiftPackageProductDependency section */
		8E811F0629B5FD18004306BE /* ProgressHUD */ = {
			isa = XCSwiftPackageProductDependency;
			package = 8E811F0529B5FD18004306BE /* XCRemoteSwiftPackageReference "ProgressHUD" */;
			productName = ProgressHUD;
		};
/* End XCSwiftPackageProductDependency section */
	};
	rootObject = 8E5BC99C29818F96001E022C /* Project object */;
}
